
Microsoft Visual Studio Solution File, Format Version 12.00
# Visual Studio Version 17
VisualStudioVersion = 17.2.32505.173
MinimumVisualStudioVersion = 10.0.40219.1
Project("{FAE04EC0-301F-11D3-BF4B-00C04F79EFBC}") = "Radiometric_Images", "Radiometric_Images\Radiometric_Images.csproj", "{201D7275-A0EB-43E6-84AB-9EBCF35E0B63}"
EndProject
Global
	GlobalSection(SolutionConfigurationPlatforms) = preSolution
		Debug|Any CPU = Debug|Any CPU
		Release|Any CPU = Release|Any CPU
	EndGlobalSection
	GlobalSection(ProjectConfigurationPlatforms) = postSolution
		{201D7275-A0EB-43E6-84AB-9EBCF35E0B63}.Debug|Any CPU.ActiveCfg = Debug|Any CPU
		{201D7275-A0EB-43E6-84AB-9EBCF35E0B63}.Debug|Any CPU.Build.0 = Debug|Any CPU
		{201D7275-A0EB-43E6-84AB-9EBCF35E0B63}.Release|Any CPU.ActiveCfg = Release|Any CPU
		{201D7275-A0EB-43E6-84AB-9EBCF35E0B63}.Release|Any CPU.Build.0 = Release|Any CPU
	EndGlobalSection
	GlobalSection(SolutionProperties) = preSolution
		HideSolutionNode = FALSE
	EndGlobalSection
	GlobalSection(ExtensibilityGlobals) = postSolution
		SolutionGuid = {08BC990B-A16A-4D23-A43E-3B08DA570F0D}
	EndGlobalSection
EndGlobal
